
Microsoft Visual Studio Solution File, Format Version 12.00
# Visual Studio Version 17
VisualStudioVersion = 17.2.32516.85
MinimumVisualStudioVersion = 10.0.40219.1
Project("{FAE04EC0-301F-11D3-BF4B-00C04F79EFBC}") = "WinFormLesson_3", "WinFormLesson_3\WinFormLesson_3.csproj", "{4B3115EE-6246-4939-9725-A8411E6A2D55}"
EndProject
Global
	GlobalSection(SolutionConfigurationPlatforms) = preSolution
		Debug|Any CPU = Debug|Any CPU
		Release|Any CPU = Release|Any CPU
	EndGlobalSection
	GlobalSection(ProjectConfigurationPlatforms) = postSolution
		{4B3115EE-6246-4939-9725-A8411E6A2D55}.Debug|Any CPU.ActiveCfg = Debug|Any CPU
		{4B3115EE-6246-4939-9725-A8411E6A2D55}.Debug|Any CPU.Build.0 = Debug|Any CPU
		{4B3115EE-6246-4939-9725-A8411E6A2D55}.Release|Any CPU.ActiveCfg = Release|Any CPU
		{4B3115EE-6246-4939-9725-A8411E6A2D55}.Release|Any CPU.Build.0 = Release|Any CPU
	EndGlobalSection
	GlobalSection(SolutionProperties) = preSolution
		HideSolutionNode = FALSE
	EndGlobalSection
	GlobalSection(ExtensibilityGlobals) = postSolution
		SolutionGuid = {FB6E1A9E-E6CB-4CFA-B233-949131EFBD9B}
	EndGlobalSection
EndGlobal
